// !$*UTF8*$!
{
	archiveVersion = 1;
	classes = {
	};
	objectVersion = 56;
	objects = {

/* Begin PBXBuildFile section */
		37708F7A2C6EDE4C009581F5 /* AppDelegate.swift in Sources */ = {isa = PBXBuildFile; fileRef = 37708F792C6EDE4C009581F5 /* AppDelegate.swift */; };
		37708F7C2C6EDE4C009581F5 /* SceneDelegate.swift in Sources */ = {isa = PBXBuildFile; fileRef = 37708F7B2C6EDE4C009581F5 /* SceneDelegate.swift */; };
		37708F7E2C6EDE4C009581F5 /* TodoListViewController.swift in Sources */ = {isa = PBXBuildFile; fileRef = 37708F7D2C6EDE4C009581F5 /* TodoListViewController.swift */; };
		37708F812C6EDE4C009581F5 /* Main.storyboard in Resources */ = {isa = PBXBuildFile; fileRef = 37708F7F2C6EDE4C009581F5 /* Main.storyboard */; };
		37708F832C6EDE4E009581F5 /* Assets.xcassets in Resources */ = {isa = PBXBuildFile; fileRef = 37708F822C6EDE4E009581F5 /* Assets.xcassets */; };
		37708F862C6EDE4E009581F5 /* LaunchScreen.storyboard in Resources */ = {isa = PBXBuildFile; fileRef = 37708F842C6EDE4E009581F5 /* LaunchScreen.storyboard */; };
		37708F932C6EEA65009581F5 /* TopViewController.swift in Sources */ = {isa = PBXBuildFile; fileRef = 37708F922C6EEA65009581F5 /* TopViewController.swift */; };
		37708F952C6F0FD2009581F5 /* BeaconManager.swift in Sources */ = {isa = PBXBuildFile; fileRef = 37708F942C6F0FD2009581F5 /* BeaconManager.swift */; };
		37708F972C6F1291009581F5 /* BeaconViewController.swift in Sources */ = {isa = PBXBuildFile; fileRef = 37708F962C6F1291009581F5 /* BeaconViewController.swift */; };
		37708F992C6F12B7009581F5 /* BeaconViewModel.swift in Sources */ = {isa = PBXBuildFile; fileRef = 37708F982C6F12B7009581F5 /* BeaconViewModel.swift */; };
		37ABDEAD2C6F81D900C96D04 /* ApiModel.swift in Sources */ = {isa = PBXBuildFile; fileRef = 37ABDEAC2C6F81D900C96D04 /* ApiModel.swift */; };
		37ABDEAF2C6F823C00C96D04 /* PexelsApiViewController.swift in Sources */ = {isa = PBXBuildFile; fileRef = 37ABDEAE2C6F823C00C96D04 /* PexelsApiViewController.swift */; };
		37ABDEB12C6F861100C96D04 /* PexelesApiViewModel.swift in Sources */ = {isa = PBXBuildFile; fileRef = 37ABDEB02C6F861100C96D04 /* PexelesApiViewModel.swift */; };
		37ABDEB42C6F866D00C96D04 /* Alamofire in Frameworks */ = {isa = PBXBuildFile; productRef = 37ABDEB32C6F866D00C96D04 /* Alamofire */; };
		ECEC9F6C6D06DDD46B87CE76 /* Pods_Study_RxSwift.framework in Frameworks */ = {isa = PBXBuildFile; fileRef = 9D19FD7B52A6F2AA27652581 /* Pods_Study_RxSwift.framework */; };
/* End PBXBuildFile section */

/* Begin PBXFileReference section */
		37708F762C6EDE4C009581F5 /* Study-RxSwift.app */ = {isa = PBXFileReference; explicitFileType = wrapper.application; includeInIndex = 0; path = "Study-RxSwift.app"; sourceTree = BUILT_PRODUCTS_DIR; };
		37708F792C6EDE4C009581F5 /* AppDelegate.swift */ = {isa = PBXFileReference; lastKnownFileType = sourcecode.swift; path = AppDelegate.swift; sourceTree = "<group>"; };
		37708F7B2C6EDE4C009581F5 /* SceneDelegate.swift */ = {isa = PBXFileReference; lastKnownFileType = sourcecode.swift; path = SceneDelegate.swift; sourceTree = "<group>"; };
		37708F7D2C6EDE4C009581F5 /* TodoListViewController.swift */ = {isa = PBXFileReference; lastKnownFileType = sourcecode.swift; path = TodoListViewController.swift; sourceTree = "<group>"; };
		37708F802C6EDE4C009581F5 /* Base */ = {isa = PBXFileReference; lastKnownFileType = file.storyboard; name = Base; path = Base.lproj/Main.storyboard; sourceTree = "<group>"; };
		37708F822C6EDE4E009581F5 /* Assets.xcassets */ = {isa = PBXFileReference; lastKnownFileType = folder.assetcatalog; path = Assets.xcassets; sourceTree = "<group>"; };
		37708F852C6EDE4E009581F5 /* Base */ = {isa = PBXFileReference; lastKnownFileType = file.storyboard; name = Base; path = Base.lproj/LaunchScreen.storyboard; sourceTree = "<group>"; };
		37708F872C6EDE4E009581F5 /* Info.plist */ = {isa = PBXFileReference; lastKnownFileType = text.plist.xml; path = Info.plist; sourceTree = "<group>"; };
		37708F922C6EEA65009581F5 /* TopViewController.swift */ = {isa = PBXFileReference; lastKnownFileType = sourcecode.swift; path = TopViewController.swift; sourceTree = "<group>"; };
		37708F942C6F0FD2009581F5 /* BeaconManager.swift */ = {isa = PBXFileReference; lastKnownFileType = sourcecode.swift; path = BeaconManager.swift; sourceTree = "<group>"; };
		37708F962C6F1291009581F5 /* BeaconViewController.swift */ = {isa = PBXFileReference; lastKnownFileType = sourcecode.swift; path = BeaconViewController.swift; sourceTree = "<group>"; };
		37708F982C6F12B7009581F5 /* BeaconViewModel.swift */ = {isa = PBXFileReference; lastKnownFileType = sourcecode.swift; path = BeaconViewModel.swift; sourceTree = "<group>"; };
		37ABDEAC2C6F81D900C96D04 /* ApiModel.swift */ = {isa = PBXFileReference; lastKnownFileType = sourcecode.swift; path = ApiModel.swift; sourceTree = "<group>"; };
		37ABDEAE2C6F823C00C96D04 /* PexelsApiViewController.swift */ = {isa = PBXFileReference; lastKnownFileType = sourcecode.swift; path = PexelsApiViewController.swift; sourceTree = "<group>"; };
		37ABDEB02C6F861100C96D04 /* PexelesApiViewModel.swift */ = {isa = PBXFileReference; lastKnownFileType = sourcecode.swift; path = PexelesApiViewModel.swift; sourceTree = "<group>"; };
		68E513044837B227D7840C50 /* Pods-Study-RxSwift.release.xcconfig */ = {isa = PBXFileReference; includeInIndex = 1; lastKnownFileType = text.xcconfig; name = "Pods-Study-RxSwift.release.xcconfig"; path = "Target Support Files/Pods-Study-RxSwift/Pods-Study-RxSwift.release.xcconfig"; sourceTree = "<group>"; };
		742D3A54D5E9F54A0E2B429A /* Pods-Study-RxSwift.debug.xcconfig */ = {isa = PBXFileReference; includeInIndex = 1; lastKnownFileType = text.xcconfig; name = "Pods-Study-RxSwift.debug.xcconfig"; path = "Target Support Files/Pods-Study-RxSwift/Pods-Study-RxSwift.debug.xcconfig"; sourceTree = "<group>"; };
		9D19FD7B52A6F2AA27652581 /* Pods_Study_RxSwift.framework */ = {isa = PBXFileReference; explicitFileType = wrapper.framework; includeInIndex = 0; path = Pods_Study_RxSwift.framework; sourceTree = BUILT_PRODUCTS_DIR; };
/* End PBXFileReference section */

/* Begin PBXFrameworksBuildPhase section */
		37708F732C6EDE4C009581F5 /* Frameworks */ = {
			isa = PBXFrameworksBuildPhase;
			buildActionMask = 2147483647;
			files = (
				ECEC9F6C6D06DDD46B87CE76 /* Pods_Study_RxSwift.framework in Frameworks */,
				37ABDEB42C6F866D00C96D04 /* Alamofire in Frameworks */,
			);
			runOnlyForDeploymentPostprocessing = 0;
		};
/* End PBXFrameworksBuildPhase section */

/* Begin PBXGroup section */
		37708F6D2C6EDE4C009581F5 = {
			isa = PBXGroup;
			children = (
				37708F782C6EDE4C009581F5 /* Study-RxSwift */,
				37708F772C6EDE4C009581F5 /* Products */,
				EE465B0CFDE21140040AB586 /* Pods */,
				4E835E0E181CD05866BC3C09 /* Frameworks */,
			);
			sourceTree = "<group>";
		};
		37708F772C6EDE4C009581F5 /* Products */ = {
			isa = PBXGroup;
			children = (
				37708F762C6EDE4C009581F5 /* Study-RxSwift.app */,
			);
			name = Products;
			sourceTree = "<group>";
		};
		37708F782C6EDE4C009581F5 /* Study-RxSwift */ = {
			isa = PBXGroup;
			children = (
				37708F792C6EDE4C009581F5 /* AppDelegate.swift */,
				37708F7B2C6EDE4C009581F5 /* SceneDelegate.swift */,
				37708F8F2C6EE987009581F5 /* Model */,
				37708F912C6EE9A7009581F5 /* View */,
				37708F902C6EE98F009581F5 /* ViewModel */,
				37708F7F2C6EDE4C009581F5 /* Main.storyboard */,
				37708F822C6EDE4E009581F5 /* Assets.xcassets */,
				37708F842C6EDE4E009581F5 /* LaunchScreen.storyboard */,
				37708F872C6EDE4E009581F5 /* Info.plist */,
			);
			path = "Study-RxSwift";
			sourceTree = "<group>";
		};
		37708F8F2C6EE987009581F5 /* Model */ = {
			isa = PBXGroup;
			children = (
				37708F942C6F0FD2009581F5 /* BeaconManager.swift */,
				37ABDEAC2C6F81D900C96D04 /* ApiModel.swift */,
			);
			path = Model;
			sourceTree = "<group>";
		};
		37708F902C6EE98F009581F5 /* ViewModel */ = {
			isa = PBXGroup;
			children = (
				37708F982C6F12B7009581F5 /* BeaconViewModel.swift */,
				37ABDEB02C6F861100C96D04 /* PexelesApiViewModel.swift */,
			);
			path = ViewModel;
			sourceTree = "<group>";
		};
		37708F912C6EE9A7009581F5 /* View */ = {
			isa = PBXGroup;
			children = (
				37708F922C6EEA65009581F5 /* TopViewController.swift */,
				37708F7D2C6EDE4C009581F5 /* TodoListViewController.swift */,
				37708F962C6F1291009581F5 /* BeaconViewController.swift */,
				37ABDEAE2C6F823C00C96D04 /* PexelsApiViewController.swift */,
			);
			path = View;
			sourceTree = "<group>";
		};
		4E835E0E181CD05866BC3C09 /* Frameworks */ = {
			isa = PBXGroup;
			children = (
				9D19FD7B52A6F2AA27652581 /* Pods_Study_RxSwift.framework */,
			);
			name = Frameworks;
			sourceTree = "<group>";
		};
		EE465B0CFDE21140040AB586 /* Pods */ = {
			isa = PBXGroup;
			children = (
				742D3A54D5E9F54A0E2B429A /* Pods-Study-RxSwift.debug.xcconfig */,
				68E513044837B227D7840C50 /* Pods-Study-RxSwift.release.xcconfig */,
			);
			path = Pods;
			sourceTree = "<group>";
		};
/* End PBXGroup section */

/* Begin PBXNativeTarget section */
		37708F752C6EDE4C009581F5 /* Study-RxSwift */ = {
			isa = PBXNativeTarget;
			buildConfigurationList = 37708F8A2C6EDE4E009581F5 /* Build configuration list for PBXNativeTarget "Study-RxSwift" */;
			buildPhases = (
				5F0D09CEB47FA89EAD8B5BEC /* [CP] Check Pods Manifest.lock */,
				37708F722C6EDE4C009581F5 /* Sources */,
				37708F732C6EDE4C009581F5 /* Frameworks */,
				37708F742C6EDE4C009581F5 /* Resources */,
				B0DA0BDC5ABC7B1089973F00 /* [CP] Embed Pods Frameworks */,
			);
			buildRules = (
			);
			dependencies = (
			);
			name = "Study-RxSwift";
			packageProductDependencies = (
				37ABDEB32C6F866D00C96D04 /* Alamofire */,
			);
			productName = "Study-RxSwift";
			productReference = 37708F762C6EDE4C009581F5 /* Study-RxSwift.app */;
			productType = "com.apple.product-type.application";
		};
/* End PBXNativeTarget section */

/* Begin PBXProject section */
		37708F6E2C6EDE4C009581F5 /* Project object */ = {
			isa = PBXProject;
			attributes = {
				BuildIndependentTargetsInParallel = 1;
				LastSwiftUpdateCheck = 1520;
				LastUpgradeCheck = 1520;
				TargetAttributes = {
					37708F752C6EDE4C009581F5 = {
						CreatedOnToolsVersion = 15.2;
					};
				};
			};
			buildConfigurationList = 37708F712C6EDE4C009581F5 /* Build configuration list for PBXProject "Study-RxSwift" */;
			compatibilityVersion = "Xcode 14.0";
			developmentRegion = en;
			hasScannedForEncodings = 0;
			knownRegions = (
				en,
				Base,
			);
			mainGroup = 37708F6D2C6EDE4C009581F5;
			packageReferences = (
				37ABDEB22C6F866D00C96D04 /* XCRemoteSwiftPackageReference "Alamofire" */,
			);
			productRefGroup = 37708F772C6EDE4C009581F5 /* Products */;
			projectDirPath = "";
			projectRoot = "";
			targets = (
				37708F752C6EDE4C009581F5 /* Study-RxSwift */,
			);
		};
/* End PBXProject section */

/* Begin PBXResourcesBuildPhase section */
		37708F742C6EDE4C009581F5 /* Resources */ = {
			isa = PBXResourcesBuildPhase;
			buildActionMask = 2147483647;
			files = (
				37708F862C6EDE4E009581F5 /* LaunchScreen.storyboard in Resources */,
				37708F832C6EDE4E009581F5 /* Assets.xcassets in Resources */,
				37708F812C6EDE4C009581F5 /* Main.storyboard in Resources */,
			);
			runOnlyForDeploymentPostprocessing = 0;
		};
/* End PBXResourcesBuildPhase section */

/* Begin PBXShellScriptBuildPhase section */
		5F0D09CEB47FA89EAD8B5BEC /* [CP] Check Pods Manifest.lock */ = {
			isa = PBXShellScriptBuildPhase;
			buildActionMask = 2147483647;
			files = (
			);
			inputFileListPaths = (
			);
			inputPaths = (
				"${PODS_PODFILE_DIR_PATH}/Podfile.lock",
				"${PODS_ROOT}/Manifest.lock",
			);
			name = "[CP] Check Pods Manifest.lock";
			outputFileListPaths = (
			);
			outputPaths = (
				"$(DERIVED_FILE_DIR)/Pods-Study-RxSwift-checkManifestLockResult.txt",
			);
			runOnlyForDeploymentPostprocessing = 0;
			shellPath = /bin/sh;
			shellScript = "diff \"${PODS_PODFILE_DIR_PATH}/Podfile.lock\" \"${PODS_ROOT}/Manifest.lock\" > /dev/null\nif [ $? != 0 ] ; then\n    # print error to STDERR\n    echo \"error: The sandbox is not in sync with the Podfile.lock. Run 'pod install' or update your CocoaPods installation.\" >&2\n    exit 1\nfi\n# This output is used by Xcode 'outputs' to avoid re-running this script phase.\necho \"SUCCESS\" > \"${SCRIPT_OUTPUT_FILE_0}\"\n";
			showEnvVarsInLog = 0;
		};
		B0DA0BDC5ABC7B1089973F00 /* [CP] Embed Pods Frameworks */ = {
			isa = PBXShellScriptBuildPhase;
			buildActionMask = 2147483647;
			files = (
			);
			inputFileListPaths = (
				"${PODS_ROOT}/Target Support Files/Pods-Study-RxSwift/Pods-Study-RxSwift-frameworks-${CONFIGURATION}-input-files.xcfilelist",
			);
			name = "[CP] Embed Pods Frameworks";
			outputFileListPaths = (
				"${PODS_ROOT}/Target Support Files/Pods-Study-RxSwift/Pods-Study-RxSwift-frameworks-${CONFIGURATION}-output-files.xcfilelist",
			);
			runOnlyForDeploymentPostprocessing = 0;
			shellPath = /bin/sh;
			shellScript = "\"${PODS_ROOT}/Target Support Files/Pods-Study-RxSwift/Pods-Study-RxSwift-frameworks.sh\"\n";
			showEnvVarsInLog = 0;
		};
/* End PBXShellScriptBuildPhase section */

/* Begin PBXSourcesBuildPhase section */
		37708F722C6EDE4C009581F5 /* Sources */ = {
			isa = PBXSourcesBuildPhase;
			buildActionMask = 2147483647;
			files = (
				37708F7E2C6EDE4C009581F5 /* TodoListViewController.swift in Sources */,
				37708F992C6F12B7009581F5 /* BeaconViewModel.swift in Sources */,
				37708F7A2C6EDE4C009581F5 /* AppDelegate.swift in Sources */,
				37708F7C2C6EDE4C009581F5 /* SceneDelegate.swift in Sources */,
				37ABDEAD2C6F81D900C96D04 /* ApiModel.swift in Sources */,
				37708F952C6F0FD2009581F5 /* BeaconManager.swift in Sources */,
				37ABDEAF2C6F823C00C96D04 /* PexelsApiViewController.swift in Sources */,
				37708F972C6F1291009581F5 /* BeaconViewController.swift in Sources */,
				37ABDEB12C6F861100C96D04 /* PexelesApiViewModel.swift in Sources */,
				37708F932C6EEA65009581F5 /* TopViewController.swift in Sources */,
			);
			runOnlyForDeploymentPostprocessing = 0;
		};
/* End PBXSourcesBuildPhase section */

/* Begin PBXVariantGroup section */
		37708F7F2C6EDE4C009581F5 /* Main.storyboard */ = {
			isa = PBXVariantGroup;
			children = (
				37708F802C6EDE4C009581F5 /* Base */,
			);
			name = Main.storyboard;
			sourceTree = "<group>";
		};
		37708F842C6EDE4E009581F5 /* LaunchScreen.storyboard */ = {
			isa = PBXVariantGroup;
			children = (
				37708F852C6EDE4E009581F5 /* Base */,
			);
			name = LaunchScreen.storyboard;
			sourceTree = "<group>";
		};
/* End PBXVariantGroup section */

/* Begin XCBuildConfiguration section */
		37708F882C6EDE4E009581F5 /* Debug */ = {
			isa = XCBuildConfiguration;
			buildSettings = {
				ALWAYS_SEARCH_USER_PATHS = NO;
				ASSETCATALOG_COMPILER_GENERATE_SWIFT_ASSET_SYMBOL_EXTENSIONS = YES;
				CLANG_ANALYZER_NONNULL = YES;
				CLANG_ANALYZER_NUMBER_OBJECT_CONVERSION = YES_AGGRESSIVE;
				CLANG_CXX_LANGUAGE_STANDARD = "gnu++20";
				CLANG_ENABLE_MODULES = YES;
				CLANG_ENABLE_OBJC_ARC = YES;
				CLANG_ENABLE_OBJC_WEAK = YES;
				CLANG_WARN_BLOCK_CAPTURE_AUTORELEASING = YES;
				CLANG_WARN_BOOL_CONVERSION = YES;
				CLANG_WARN_COMMA = YES;
				CLANG_WARN_CONSTANT_CONVERSION = YES;
				CLANG_WARN_DEPRECATED_OBJC_IMPLEMENTATIONS = YES;
				CLANG_WARN_DIRECT_OBJC_ISA_USAGE = YES_ERROR;
				CLANG_WARN_DOCUMENTATION_COMMENTS = YES;
				CLANG_WARN_EMPTY_BODY = YES;
				CLANG_WARN_ENUM_CONVERSION = YES;
				CLANG_WARN_INFINITE_RECURSION = YES;
				CLANG_WARN_INT_CONVERSION = YES;
				CLANG_WARN_NON_LITERAL_NULL_CONVERSION = YES;
				CLANG_WARN_OBJC_IMPLICIT_RETAIN_SELF = YES;
				CLANG_WARN_OBJC_LITERAL_CONVERSION = YES;
				CLANG_WARN_OBJC_ROOT_CLASS = YES_ERROR;
				CLANG_WARN_QUOTED_INCLUDE_IN_FRAMEWORK_HEADER = YES;
				CLANG_WARN_RANGE_LOOP_ANALYSIS = YES;
				CLANG_WARN_STRICT_PROTOTYPES = YES;
				CLANG_WARN_SUSPICIOUS_MOVE = YES;
				CLANG_WARN_UNGUARDED_AVAILABILITY = YES_AGGRESSIVE;
				CLANG_WARN_UNREACHABLE_CODE = YES;
				CLANG_WARN__DUPLICATE_METHOD_MATCH = YES;
				COPY_PHASE_STRIP = NO;
				DEBUG_INFORMATION_FORMAT = dwarf;
				ENABLE_STRICT_OBJC_MSGSEND = YES;
				ENABLE_TESTABILITY = YES;
				ENABLE_USER_SCRIPT_SANDBOXING = NO;
				GCC_C_LANGUAGE_STANDARD = gnu17;
				GCC_DYNAMIC_NO_PIC = NO;
				GCC_NO_COMMON_BLOCKS = YES;
				GCC_OPTIMIZATION_LEVEL = 0;
				GCC_PREPROCESSOR_DEFINITIONS = (
					"DEBUG=1",
					"$(inherited)",
				);
				GCC_WARN_64_TO_32_BIT_CONVERSION = YES;
				GCC_WARN_ABOUT_RETURN_TYPE = YES_ERROR;
				GCC_WARN_UNDECLARED_SELECTOR = YES;
				GCC_WARN_UNINITIALIZED_AUTOS = YES_AGGRESSIVE;
				GCC_WARN_UNUSED_FUNCTION = YES;
				GCC_WARN_UNUSED_VARIABLE = YES;
				IPHONEOS_DEPLOYMENT_TARGET = 17.2;
				LOCALIZATION_PREFERS_STRING_CATALOGS = YES;
				MTL_ENABLE_DEBUG_INFO = INCLUDE_SOURCE;
				MTL_FAST_MATH = YES;
				ONLY_ACTIVE_ARCH = YES;
				SDKROOT = iphoneos;
				SWIFT_ACTIVE_COMPILATION_CONDITIONS = "DEBUG $(inherited)";
				SWIFT_OPTIMIZATION_LEVEL = "-Onone";
			};
			name = Debug;
		};
		37708F892C6EDE4E009581F5 /* Release */ = {
			isa = XCBuildConfiguration;
			buildSettings = {
				ALWAYS_SEARCH_USER_PATHS = NO;
				ASSETCATALOG_COMPILER_GENERATE_SWIFT_ASSET_SYMBOL_EXTENSIONS = YES;
				CLANG_ANALYZER_NONNULL = YES;
				CLANG_ANALYZER_NUMBER_OBJECT_CONVERSION = YES_AGGRESSIVE;
				CLANG_CXX_LANGUAGE_STANDARD = "gnu++20";
				CLANG_ENABLE_MODULES = YES;
				CLANG_ENABLE_OBJC_ARC = YES;
				CLANG_ENABLE_OBJC_WEAK = YES;
				CLANG_WARN_BLOCK_CAPTURE_AUTORELEASING = YES;
				CLANG_WARN_BOOL_CONVERSION = YES;
				CLANG_WARN_COMMA = YES;
				CLANG_WARN_CONSTANT_CONVERSION = YES;
				CLANG_WARN_DEPRECATED_OBJC_IMPLEMENTATIONS = YES;
				CLANG_WARN_DIRECT_OBJC_ISA_USAGE = YES_ERROR;
				CLANG_WARN_DOCUMENTATION_COMMENTS = YES;
				CLANG_WARN_EMPTY_BODY = YES;
				CLANG_WARN_ENUM_CONVERSION = YES;
				CLANG_WARN_INFINITE_RECURSION = YES;
				CLANG_WARN_INT_CONVERSION = YES;
				CLANG_WARN_NON_LITERAL_NULL_CONVERSION = YES;
				CLANG_WARN_OBJC_IMPLICIT_RETAIN_SELF = YES;
				CLANG_WARN_OBJC_LITERAL_CONVERSION = YES;
				CLANG_WARN_OBJC_ROOT_CLASS = YES_ERROR;
				CLANG_WARN_QUOTED_INCLUDE_IN_FRAMEWORK_HEADER = YES;
				CLANG_WARN_RANGE_LOOP_ANALYSIS = YES;
				CLANG_WARN_STRICT_PROTOTYPES = YES;
				CLANG_WARN_SUSPICIOUS_MOVE = YES;
				CLANG_WARN_UNGUARDED_AVAILABILITY = YES_AGGRESSIVE;
				CLANG_WARN_UNREACHABLE_CODE = YES;
				CLANG_WARN__DUPLICATE_METHOD_MATCH = YES;
				COPY_PHASE_STRIP = NO;
				DEBUG_INFORMATION_FORMAT = "dwarf-with-dsym";
				ENABLE_NS_ASSERTIONS = NO;
				ENABLE_STRICT_OBJC_MSGSEND = YES;
				ENABLE_USER_SCRIPT_SANDBOXING = NO;
				GCC_C_LANGUAGE_STANDARD = gnu17;
				GCC_NO_COMMON_BLOCKS = YES;
				GCC_WARN_64_TO_32_BIT_CONVERSION = YES;
				GCC_WARN_ABOUT_RETURN_TYPE = YES_ERROR;
				GCC_WARN_UNDECLARED_SELECTOR = YES;
				GCC_WARN_UNINITIALIZED_AUTOS = YES_AGGRESSIVE;
				GCC_WARN_UNUSED_FUNCTION = YES;
				GCC_WARN_UNUSED_VARIABLE = YES;
				IPHONEOS_DEPLOYMENT_TARGET = 17.2;
				LOCALIZATION_PREFERS_STRING_CATALOGS = YES;
				MTL_ENABLE_DEBUG_INFO = NO;
				MTL_FAST_MATH = YES;
				SDKROOT = iphoneos;
				SWIFT_COMPILATION_MODE = wholemodule;
				VALIDATE_PRODUCT = YES;
			};
			name = Release;
		};
		37708F8B2C6EDE4E009581F5 /* Debug */ = {
			isa = XCBuildConfiguration;
			baseConfigurationReference = 742D3A54D5E9F54A0E2B429A /* Pods-Study-RxSwift.debug.xcconfig */;
			buildSettings = {
				ASSETCATALOG_COMPILER_APPICON_NAME = AppIcon;
				ASSETCATALOG_COMPILER_GLOBAL_ACCENT_COLOR_NAME = AccentColor;
				CODE_SIGN_STYLE = Automatic;
				CURRENT_PROJECT_VERSION = 1;
				DEVELOPMENT_TEAM = 5T25Z3W9BF;
				GENERATE_INFOPLIST_FILE = YES;
				INFOPLIST_FILE = "Study-RxSwift/Info.plist";
				INFOPLIST_KEY_NSLocationAlwaysAndWhenInUseUsageDescription = "位置情報";
				INFOPLIST_KEY_NSLocationAlwaysUsageDescription = "位置情報";
				INFOPLIST_KEY_NSLocationWhenInUseUsageDescription = "位置情報";
				INFOPLIST_KEY_UIApplicationSupportsIndirectInputEvents = YES;
				INFOPLIST_KEY_UILaunchStoryboardName = LaunchScreen;
				INFOPLIST_KEY_UIMainStoryboardFile = Main;
				INFOPLIST_KEY_UISupportedInterfaceOrientations_iPad = "UIInterfaceOrientationPortrait UIInterfaceOrientationPortraitUpsideDown UIInterfaceOrientationLandscapeLeft UIInterfaceOrientationLandscapeRight";
				INFOPLIST_KEY_UISupportedInterfaceOrientations_iPhone = "UIInterfaceOrientationPortrait UIInterfaceOrientationLandscapeLeft UIInterfaceOrientationLandscapeRight";
				LD_RUNPATH_SEARCH_PATHS = (
					"$(inherited)",
					"@executable_path/Frameworks",
				);
				MARKETING_VERSION = 1.0;
				PRODUCT_BUNDLE_IDENTIFIER = "io.genki.Study-RxSwift";
				PRODUCT_NAME = "$(TARGET_NAME)";
				SWIFT_EMIT_LOC_STRINGS = YES;
				SWIFT_VERSION = 5.0;
				TARGETED_DEVICE_FAMILY = "1,2";
			};
			name = Debug;
		};
		37708F8C2C6EDE4E009581F5 /* Release */ = {
			isa = XCBuildConfiguration;
			baseConfigurationReference = 68E513044837B227D7840C50 /* Pods-Study-RxSwift.release.xcconfig */;
			buildSettings = {
				ASSETCATALOG_COMPILER_APPICON_NAME = AppIcon;
				ASSETCATALOG_COMPILER_GLOBAL_ACCENT_COLOR_NAME = AccentColor;
				CODE_SIGN_STYLE = Automatic;
				CURRENT_PROJECT_VERSION = 1;
				DEVELOPMENT_TEAM = 5T25Z3W9BF;
				GENERATE_INFOPLIST_FILE = YES;
				INFOPLIST_FILE = "Study-RxSwift/Info.plist";
				INFOPLIST_KEY_NSLocationAlwaysAndWhenInUseUsageDescription = "位置情報";
				INFOPLIST_KEY_NSLocationAlwaysUsageDescription = "位置情報";
				INFOPLIST_KEY_NSLocationWhenInUseUsageDescription = "位置情報";
				INFOPLIST_KEY_UIApplicationSupportsIndirectInputEvents = YES;
				INFOPLIST_KEY_UILaunchStoryboardName = LaunchScreen;
				INFOPLIST_KEY_UIMainStoryboardFile = Main;
				INFOPLIST_KEY_UISupportedInterfaceOrientations_iPad = "UIInterfaceOrientationPortrait UIInterfaceOrientationPortraitUpsideDown UIInterfaceOrientationLandscapeLeft UIInterfaceOrientationLandscapeRight";
				INFOPLIST_KEY_UISupportedInterfaceOrientations_iPhone = "UIInterfaceOrientationPortrait UIInterfaceOrientationLandscapeLeft UIInterfaceOrientationLandscapeRight";
				LD_RUNPATH_SEARCH_PATHS = (
					"$(inherited)",
					"@executable_path/Frameworks",
				);
				MARKETING_VERSION = 1.0;
				PRODUCT_BUNDLE_IDENTIFIER = "io.genki.Study-RxSwift";
				PRODUCT_NAME = "$(TARGET_NAME)";
				SWIFT_EMIT_LOC_STRINGS = YES;
				SWIFT_VERSION = 5.0;
				TARGETED_DEVICE_FAMILY = "1,2";
			};
			name = Release;
		};
/* End XCBuildConfiguration section */

/* Begin XCConfigurationList section */
		37708F712C6EDE4C009581F5 /* Build configuration list for PBXProject "Study-RxSwift" */ = {
			isa = XCConfigurationList;
			buildConfigurations = (
				37708F882C6EDE4E009581F5 /* Debug */,
				37708F892C6EDE4E009581F5 /* Release */,
			);
			defaultConfigurationIsVisible = 0;
			defaultConfigurationName = Release;
		};
		37708F8A2C6EDE4E009581F5 /* Build configuration list for PBXNativeTarget "Study-RxSwift" */ = {
			isa = XCConfigurationList;
			buildConfigurations = (
				37708F8B2C6EDE4E009581F5 /* Debug */,
				37708F8C2C6EDE4E009581F5 /* Release */,
			);
			defaultConfigurationIsVisible = 0;
			defaultConfigurationName = Release;
		};
/* End XCConfigurationList section */

/* Begin XCRemoteSwiftPackageReference section */
		37ABDEB22C6F866D00C96D04 /* XCRemoteSwiftPackageReference "Alamofire" */ = {
			isa = XCRemoteSwiftPackageReference;
			repositoryURL = "https://github.com/Alamofire/Alamofire?tab=readme-ov-file";
			requirement = {
				kind = upToNextMajorVersion;
				minimumVersion = 5.9.1;
			};
		};
/* End XCRemoteSwiftPackageReference section */

/* Begin XCSwiftPackageProductDependency section */
		37ABDEB32C6F866D00C96D04 /* Alamofire */ = {
			isa = XCSwiftPackageProductDependency;
			package = 37ABDEB22C6F866D00C96D04 /* XCRemoteSwiftPackageReference "Alamofire" */;
			productName = Alamofire;
		};
/* End XCSwiftPackageProductDependency section */
	};
	rootObject = 37708F6E2C6EDE4C009581F5 /* Project object */;
}
